
Microsoft Visual Studio Solution File, Format Version 12.00
# Visual Studio Version 17
VisualStudioVersion = 17.0.31903.59
MinimumVisualStudioVersion = 10.0.40219.1
Project("{2150E333-8FDC-42A3-9474-1A3956D46DE8}") = "Src", "Src", "{39DAD0C1-71B3-486D-A3BD-10793D0E0D06}"
EndProject
Project("{2150E333-8FDC-42A3-9474-1A3956D46DE8}") = "Test", "Test", "{5720E20F-2897-4B81-8D2D-191E1919BF39}"
EndProject
Project("{2150E333-8FDC-42A3-9474-1A3956D46DE8}") = "Doc", "Doc", "{B38A2B57-C2B4-4D0C-9585-A9A37A566481}"
EndProject
Project("{2150E333-8FDC-42A3-9474-1A3956D46DE8}") = "Core", "Core", "{28761CC3-F1D2-4704-BD89-1D1A66989C40}"
EndProject
Project("{2150E333-8FDC-42A3-9474-1A3956D46DE8}") = "Infrastrure", "Infrastrure", "{DCF981D2-2954-4EAE-B1B8-B488F2109C58}"
EndProject
Project("{2150E333-8FDC-42A3-9474-1A3956D46DE8}") = "Presentations", "Presentations", "{718D4AD3-497C-4176-888F-D1064105F7F2}"
EndProject
Project("{2150E333-8FDC-42A3-9474-1A3956D46DE8}") = "TTDomain", "TTDomain", "{DD674BAA-E728-464A-B06A-894AB0C73820}"
EndProject
Project("{2150E333-8FDC-42A3-9474-1A3956D46DE8}") = "TTApplication", "TTApplication", "{367EDF42-7594-4C8F-9A05-97E3902567E8}"
EndProject
Project("{9A19103F-16F7-4668-BE54-9A1E7A4F7556}") = "TopTaz.Domain", "TopTaz.Domain\TopTaz.Domain.csproj", "{538BCCF5-32C6-4E66-A3A8-AA4B4BF74121}"
EndProject
Project("{9A19103F-16F7-4668-BE54-9A1E7A4F7556}") = "TopTaz.Application", "TopTaz.Application\TopTaz.Application.csproj", "{BABBB2BF-B788-4E0D-B2C4-2384AE532DFA}"
EndProject
Project("{9A19103F-16F7-4668-BE54-9A1E7A4F7556}") = "ServiceHost", "ServiceHost\ServiceHost.csproj", "{EDCC9512-05AC-424E-9AD2-73E2B5FA1A11}"
EndProject
Project("{2150E333-8FDC-42A3-9474-1A3956D46DE8}") = "TTInfrastrure", "TTInfrastrure", "{ED816FA4-5AC0-4C44-BB20-7222676D7FDC}"
EndProject
Project("{9A19103F-16F7-4668-BE54-9A1E7A4F7556}") = "TopTaz.Infrastrure", "TopTaz.Infrastrure\TopTaz.Infrastrure.csproj", "{98AD1C79-62F1-43EB-B860-2AB1CAF9A309}"
EndProject
Project("{9A19103F-16F7-4668-BE54-9A1E7A4F7556}") = "TopTaz.Infrastrure.Config", "TopTaz.Infrastrure.Config\TopTaz.Infrastrure.Config.csproj", "{A38AEC1A-D1D4-4889-8C42-51E69B028E0F}"
EndProject
Project("{2150E333-8FDC-42A3-9474-1A3956D46DE8}") = "TT.Persistence", "TT.Persistence", "{95B22250-7989-4C43-98B8-7B3A65292851}"
EndProject
Project("{9A19103F-16F7-4668-BE54-9A1E7A4F7556}") = "TopTaz.Persistence", "TopTaz.Persistence\TopTaz.Persistence.csproj", "{AFE26D00-6F30-4A7A-854F-42B296424A5A}"
EndProject
Project("{9A19103F-16F7-4668-BE54-9A1E7A4F7556}") = "TT.FrameWork", "TT.FrameWork\TT.FrameWork.csproj", "{C8CEB1C1-96AB-470A-96CD-9435FDC7F338}"
EndProject
Project("{FAE04EC0-301F-11D3-BF4B-00C04F79EFBC}") = "AdminServiceHost", "AdminServiceHost\AdminServiceHost.csproj", "{3C3228D3-9C4C-4425-AFFF-0BFC86DCF12C}"
EndProject
Global
	GlobalSection(SolutionConfigurationPlatforms) = preSolution
		Debug|Any CPU = Debug|Any CPU
		Release|Any CPU = Release|Any CPU
	EndGlobalSection
	GlobalSection(ProjectConfigurationPlatforms) = postSolution
		{538BCCF5-32C6-4E66-A3A8-AA4B4BF74121}.Debug|Any CPU.ActiveCfg = Debug|Any CPU
		{538BCCF5-32C6-4E66-A3A8-AA4B4BF74121}.Debug|Any CPU.Build.0 = Debug|Any CPU
		{538BCCF5-32C6-4E66-A3A8-AA4B4BF74121}.Release|Any CPU.ActiveCfg = Release|Any CPU
		{538BCCF5-32C6-4E66-A3A8-AA4B4BF74121}.Release|Any CPU.Build.0 = Release|Any CPU
		{BABBB2BF-B788-4E0D-B2C4-2384AE532DFA}.Debug|Any CPU.ActiveCfg = Debug|Any CPU
		{BABBB2BF-B788-4E0D-B2C4-2384AE532DFA}.Debug|Any CPU.Build.0 = Debug|Any CPU
		{BABBB2BF-B788-4E0D-B2C4-2384AE532DFA}.Release|Any CPU.ActiveCfg = Release|Any CPU
		{BABBB2BF-B788-4E0D-B2C4-2384AE532DFA}.Release|Any CPU.Build.0 = Release|Any CPU
		{EDCC9512-05AC-424E-9AD2-73E2B5FA1A11}.Debug|Any CPU.ActiveCfg = Debug|Any CPU
		{EDCC9512-05AC-424E-9AD2-73E2B5FA1A11}.Debug|Any CPU.Build.0 = Debug|Any CPU
		{EDCC9512-05AC-424E-9AD2-73E2B5FA1A11}.Release|Any CPU.ActiveCfg = Release|Any CPU
		{EDCC9512-05AC-424E-9AD2-73E2B5FA1A11}.Release|Any CPU.Build.0 = Release|Any CPU
		{98AD1C79-62F1-43EB-B860-2AB1CAF9A309}.Debug|Any CPU.ActiveCfg = Debug|Any CPU
		{98AD1C79-62F1-43EB-B860-2AB1CAF9A309}.Debug|Any CPU.Build.0 = Debug|Any CPU
		{98AD1C79-62F1-43EB-B860-2AB1CAF9A309}.Release|Any CPU.ActiveCfg = Release|Any CPU
		{98AD1C79-62F1-43EB-B860-2AB1CAF9A309}.Release|Any CPU.Build.0 = Release|Any CPU
		{A38AEC1A-D1D4-4889-8C42-51E69B028E0F}.Debug|Any CPU.ActiveCfg = Debug|Any CPU
		{A38AEC1A-D1D4-4889-8C42-51E69B028E0F}.Debug|Any CPU.Build.0 = Debug|Any CPU
		{A38AEC1A-D1D4-4889-8C42-51E69B028E0F}.Release|Any CPU.ActiveCfg = Release|Any CPU
		{A38AEC1A-D1D4-4889-8C42-51E69B028E0F}.Release|Any CPU.Build.0 = Release|Any CPU
		{AFE26D00-6F30-4A7A-854F-42B296424A5A}.Debug|Any CPU.ActiveCfg = Debug|Any CPU
		{AFE26D00-6F30-4A7A-854F-42B296424A5A}.Debug|Any CPU.Build.0 = Debug|Any CPU
		{AFE26D00-6F30-4A7A-854F-42B296424A5A}.Release|Any CPU.ActiveCfg = Release|Any CPU
		{AFE26D00-6F30-4A7A-854F-42B296424A5A}.Release|Any CPU.Build.0 = Release|Any CPU
		{C8CEB1C1-96AB-470A-96CD-9435FDC7F338}.Debug|Any CPU.ActiveCfg = Debug|Any CPU
		{C8CEB1C1-96AB-470A-96CD-9435FDC7F338}.Debug|Any CPU.Build.0 = Debug|Any CPU
		{C8CEB1C1-96AB-470A-96CD-9435FDC7F338}.Release|Any CPU.ActiveCfg = Release|Any CPU
		{C8CEB1C1-96AB-470A-96CD-9435FDC7F338}.Release|Any CPU.Build.0 = Release|Any CPU
		{3C3228D3-9C4C-4425-AFFF-0BFC86DCF12C}.Debug|Any CPU.ActiveCfg = Debug|Any CPU
		{3C3228D3-9C4C-4425-AFFF-0BFC86DCF12C}.Debug|Any CPU.Build.0 = Debug|Any CPU
		{3C3228D3-9C4C-4425-AFFF-0BFC86DCF12C}.Release|Any CPU.ActiveCfg = Release|Any CPU
		{3C3228D3-9C4C-4425-AFFF-0BFC86DCF12C}.Release|Any CPU.Build.0 = Release|Any CPU
	EndGlobalSection
	GlobalSection(SolutionProperties) = preSolution
		HideSolutionNode = FALSE
	EndGlobalSection
	GlobalSection(NestedProjects) = preSolution
		{28761CC3-F1D2-4704-BD89-1D1A66989C40} = {39DAD0C1-71B3-486D-A3BD-10793D0E0D06}
		{DCF981D2-2954-4EAE-B1B8-B488F2109C58} = {39DAD0C1-71B3-486D-A3BD-10793D0E0D06}
		{718D4AD3-497C-4176-888F-D1064105F7F2} = {39DAD0C1-71B3-486D-A3BD-10793D0E0D06}
		{DD674BAA-E728-464A-B06A-894AB0C73820} = {28761CC3-F1D2-4704-BD89-1D1A66989C40}
		{367EDF42-7594-4C8F-9A05-97E3902567E8} = {28761CC3-F1D2-4704-BD89-1D1A66989C40}
		{538BCCF5-32C6-4E66-A3A8-AA4B4BF74121} = {DD674BAA-E728-464A-B06A-894AB0C73820}
		{BABBB2BF-B788-4E0D-B2C4-2384AE532DFA} = {367EDF42-7594-4C8F-9A05-97E3902567E8}
		{EDCC9512-05AC-424E-9AD2-73E2B5FA1A11} = {718D4AD3-497C-4176-888F-D1064105F7F2}
		{ED816FA4-5AC0-4C44-BB20-7222676D7FDC} = {DCF981D2-2954-4EAE-B1B8-B488F2109C58}
		{98AD1C79-62F1-43EB-B860-2AB1CAF9A309} = {ED816FA4-5AC0-4C44-BB20-7222676D7FDC}
		{A38AEC1A-D1D4-4889-8C42-51E69B028E0F} = {ED816FA4-5AC0-4C44-BB20-7222676D7FDC}
		{95B22250-7989-4C43-98B8-7B3A65292851} = {DCF981D2-2954-4EAE-B1B8-B488F2109C58}
		{AFE26D00-6F30-4A7A-854F-42B296424A5A} = {95B22250-7989-4C43-98B8-7B3A65292851}
		{C8CEB1C1-96AB-470A-96CD-9435FDC7F338} = {39DAD0C1-71B3-486D-A3BD-10793D0E0D06}
		{3C3228D3-9C4C-4425-AFFF-0BFC86DCF12C} = {718D4AD3-497C-4176-888F-D1064105F7F2}
	EndGlobalSection
	GlobalSection(ExtensibilityGlobals) = postSolution
		SolutionGuid = {335C5591-2B28-4902-90AD-C18C4A105BA5}
	EndGlobalSection
EndGlobal
